// !$*UTF8*$!
{
	archiveVersion = 1;
	classes = {
	};
	objectVersion = 77;
	objects = {

/* Begin PBXBuildFile section */
		AF04B4C02DA8976B00D41BFB /* CustomTableViewCell.xib in Resources */ = {isa = PBXBuildFile; fileRef = AF04B4AE2DA8976B00D41BFB /* CustomTableViewCell.xib */; };
		AF04B4C12DA8976B00D41BFB /* Assets.xcassets in Resources */ = {isa = PBXBuildFile; fileRef = AF04B4B32DA8976B00D41BFB /* Assets.xcassets */; };
		AF04B4C32DA8976B00D41BFB /* LaunchScreen.storyboard in Resources */ = {isa = PBXBuildFile; fileRef = AF04B4B62DA8976B00D41BFB /* LaunchScreen.storyboard */; };
		AF04B4C42DA8976B00D41BFB /* Main.storyboard in Resources */ = {isa = PBXBuildFile; fileRef = AF04B4B82DA8976B00D41BFB /* Main.storyboard */; };
		AF04B4C52DA8976B00D41BFB /* AlertController.swift in Sources */ = {isa = PBXBuildFile; fileRef = AF04B4AB2DA8976B00D41BFB /* AlertController.swift */; };
		AF04B4C62DA8976B00D41BFB /* CustomTableViewCell.swift in Sources */ = {isa = PBXBuildFile; fileRef = AF04B4AD2DA8976B00D41BFB /* CustomTableViewCell.swift */; };
		AF04B4C72DA8976B00D41BFB /* Profile.swift in Sources */ = {isa = PBXBuildFile; fileRef = AF04B4B02DA8976B00D41BFB /* Profile.swift */; };
		AF04B4C82DA8976B00D41BFB /* AppDelegate.swift in Sources */ = {isa = PBXBuildFile; fileRef = AF04B4B22DA8976B00D41BFB /* AppDelegate.swift */; };
		AF04B4C92DA8976B00D41BFB /* SceneDelegate.swift in Sources */ = {isa = PBXBuildFile; fileRef = AF04B4B92DA8976B00D41BFB /* SceneDelegate.swift */; };
		AF04B4CA2DA8976B00D41BFB /* TabBarController.swift in Sources */ = {isa = PBXBuildFile; fileRef = AF04B4BA2DA8976B00D41BFB /* TabBarController.swift */; };
		AF04B4CB2DA8976B00D41BFB /* Tela01VC.swift in Sources */ = {isa = PBXBuildFile; fileRef = AF04B4BB2DA8976B00D41BFB /* Tela01VC.swift */; };
		AF04B4CC2DA8976B00D41BFB /* Tela02VC.swift in Sources */ = {isa = PBXBuildFile; fileRef = AF04B4BC2DA8976B00D41BFB /* Tela02VC.swift */; };
		AF04B4CD2DA8976B00D41BFB /* Tela03VC.swift in Sources */ = {isa = PBXBuildFile; fileRef = AF04B4BD2DA8976B00D41BFB /* Tela03VC.swift */; };
		AF04B4CE2DA8976B00D41BFB /* ViewController.swift in Sources */ = {isa = PBXBuildFile; fileRef = AF04B4BE2DA8976B00D41BFB /* ViewController.swift */; };
/* End PBXBuildFile section */

/* Begin PBXFileReference section */
		AF04B4AB2DA8976B00D41BFB /* AlertController.swift */ = {isa = PBXFileReference; lastKnownFileType = sourcecode.swift; path = AlertController.swift; sourceTree = "<group>"; };
		AF04B4AD2DA8976B00D41BFB /* CustomTableViewCell.swift */ = {isa = PBXFileReference; lastKnownFileType = sourcecode.swift; path = CustomTableViewCell.swift; sourceTree = "<group>"; };
		AF04B4AE2DA8976B00D41BFB /* CustomTableViewCell.xib */ = {isa = PBXFileReference; lastKnownFileType = file.xib; path = CustomTableViewCell.xib; sourceTree = "<group>"; };
		AF04B4B02DA8976B00D41BFB /* Profile.swift */ = {isa = PBXFileReference; lastKnownFileType = sourcecode.swift; path = Profile.swift; sourceTree = "<group>"; };
		AF04B4B22DA8976B00D41BFB /* AppDelegate.swift */ = {isa = PBXFileReference; lastKnownFileType = sourcecode.swift; path = AppDelegate.swift; sourceTree = "<group>"; };
		AF04B4B32DA8976B00D41BFB /* Assets.xcassets */ = {isa = PBXFileReference; lastKnownFileType = folder.assetcatalog; path = Assets.xcassets; sourceTree = "<group>"; };
		AF04B4B42DA8976B00D41BFB /* Info.plist */ = {isa = PBXFileReference; lastKnownFileType = text.plist.xml; path = Info.plist; sourceTree = "<group>"; };
		AF04B4B52DA8976B00D41BFB /* Base */ = {isa = PBXFileReference; lastKnownFileType = file.storyboard; name = Base; path = Base.lproj/LaunchScreen.storyboard; sourceTree = "<group>"; };
		AF04B4B72DA8976B00D41BFB /* Base */ = {isa = PBXFileReference; lastKnownFileType = file.storyboard; name = Base; path = Base.lproj/Main.storyboard; sourceTree = "<group>"; };
		AF04B4B92DA8976B00D41BFB /* SceneDelegate.swift */ = {isa = PBXFileReference; lastKnownFileType = sourcecode.swift; path = SceneDelegate.swift; sourceTree = "<group>"; };
		AF04B4BA2DA8976B00D41BFB /* TabBarController.swift */ = {isa = PBXFileReference; lastKnownFileType = sourcecode.swift; path = TabBarController.swift; sourceTree = "<group>"; };
		AF04B4BB2DA8976B00D41BFB /* Tela01VC.swift */ = {isa = PBXFileReference; lastKnownFileType = sourcecode.swift; path = Tela01VC.swift; sourceTree = "<group>"; };
		AF04B4BC2DA8976B00D41BFB /* Tela02VC.swift */ = {isa = PBXFileReference; lastKnownFileType = sourcecode.swift; path = Tela02VC.swift; sourceTree = "<group>"; };
		AF04B4BD2DA8976B00D41BFB /* Tela03VC.swift */ = {isa = PBXFileReference; lastKnownFileType = sourcecode.swift; path = Tela03VC.swift; sourceTree = "<group>"; };
		AF04B4BE2DA8976B00D41BFB /* ViewController.swift */ = {isa = PBXFileReference; lastKnownFileType = sourcecode.swift; path = ViewController.swift; sourceTree = "<group>"; };
		AF5281112DA863B2003423A3 /* RegisterList.app */ = {isa = PBXFileReference; explicitFileType = wrapper.application; includeInIndex = 0; path = RegisterList.app; sourceTree = BUILT_PRODUCTS_DIR; };
/* End PBXFileReference section */

/* Begin PBXFrameworksBuildPhase section */
		AF52810E2DA863B2003423A3 /* Frameworks */ = {
			isa = PBXFrameworksBuildPhase;
			buildActionMask = 2147483647;
			files = (
			);
			runOnlyForDeploymentPostprocessing = 0;
		};
/* End PBXFrameworksBuildPhase section */

/* Begin PBXGroup section */
		AF04B4AC2DA8976B00D41BFB /* AlertController */ = {
			isa = PBXGroup;
			children = (
				AF04B4AB2DA8976B00D41BFB /* AlertController.swift */,
			);
			path = AlertController;
			sourceTree = "<group>";
		};
		AF04B4AF2DA8976B00D41BFB /* Cell */ = {
			isa = PBXGroup;
			children = (
				AF04B4AD2DA8976B00D41BFB /* CustomTableViewCell.swift */,
				AF04B4AE2DA8976B00D41BFB /* CustomTableViewCell.xib */,
			);
			path = Cell;
			sourceTree = "<group>";
		};
		AF04B4B12DA8976B00D41BFB /* Model */ = {
			isa = PBXGroup;
			children = (
				AF04B4B02DA8976B00D41BFB /* Profile.swift */,
			);
			path = Model;
			sourceTree = "<group>";
		};
		AF04B4BF2DA8976B00D41BFB /* RegisterList */ = {
			isa = PBXGroup;
			children = (
				AF04B4AC2DA8976B00D41BFB /* AlertController */,
				AF04B4AF2DA8976B00D41BFB /* Cell */,
				AF04B4B12DA8976B00D41BFB /* Model */,
				AF04B4B22DA8976B00D41BFB /* AppDelegate.swift */,
				AF04B4B32DA8976B00D41BFB /* Assets.xcassets */,
				AF04B4B42DA8976B00D41BFB /* Info.plist */,
				AF04B4B62DA8976B00D41BFB /* LaunchScreen.storyboard */,
				AF04B4B82DA8976B00D41BFB /* Main.storyboard */,
				AF04B4B92DA8976B00D41BFB /* SceneDelegate.swift */,
				AF04B4BA2DA8976B00D41BFB /* TabBarController.swift */,
				AF04B4BB2DA8976B00D41BFB /* Tela01VC.swift */,
				AF04B4BC2DA8976B00D41BFB /* Tela02VC.swift */,
				AF04B4BD2DA8976B00D41BFB /* Tela03VC.swift */,
				AF04B4BE2DA8976B00D41BFB /* ViewController.swift */,
			);
			path = RegisterList;
			sourceTree = "<group>";
		};
		AF5281082DA863B2003423A3 = {
			isa = PBXGroup;
			children = (
				AF04B4BF2DA8976B00D41BFB /* RegisterList */,
				AF5281122DA863B2003423A3 /* Products */,
			);
			sourceTree = "<group>";
		};
		AF5281122DA863B2003423A3 /* Products */ = {
			isa = PBXGroup;
			children = (
				AF5281112DA863B2003423A3 /* RegisterList.app */,
			);
			name = Products;
			sourceTree = "<group>";
		};
/* End PBXGroup section */

/* Begin PBXNativeTarget section */
		AF5281102DA863B2003423A3 /* RegisterList */ = {
			isa = PBXNativeTarget;
			buildConfigurationList = AF5281242DA863B3003423A3 /* Build configuration list for PBXNativeTarget "RegisterList" */;
			buildPhases = (
				AF52810D2DA863B2003423A3 /* Sources */,
				AF52810E2DA863B2003423A3 /* Frameworks */,
				AF52810F2DA863B2003423A3 /* Resources */,
			);
			buildRules = (
			);
			dependencies = (
			);
			name = RegisterList;
			packageProductDependencies = (
			);
			productName = RegisterList;
			productReference = AF5281112DA863B2003423A3 /* RegisterList.app */;
			productType = "com.apple.product-type.application";
		};
/* End PBXNativeTarget section */

/* Begin PBXProject section */
		AF5281092DA863B2003423A3 /* Project object */ = {
			isa = PBXProject;
			attributes = {
				BuildIndependentTargetsInParallel = 1;
				LastSwiftUpdateCheck = 1630;
				LastUpgradeCheck = 1630;
				TargetAttributes = {
					AF5281102DA863B2003423A3 = {
						CreatedOnToolsVersion = 16.3;
					};
				};
			};
			buildConfigurationList = AF52810C2DA863B2003423A3 /* Build configuration list for PBXProject "RegisterList" */;
			developmentRegion = en;
			hasScannedForEncodings = 0;
			knownRegions = (
				en,
				Base,
			);
			mainGroup = AF5281082DA863B2003423A3;
			minimizedProjectReferenceProxies = 1;
			preferredProjectObjectVersion = 77;
			productRefGroup = AF5281122DA863B2003423A3 /* Products */;
			projectDirPath = "";
			projectRoot = "";
			targets = (
				AF5281102DA863B2003423A3 /* RegisterList */,
			);
		};
/* End PBXProject section */

/* Begin PBXResourcesBuildPhase section */
		AF52810F2DA863B2003423A3 /* Resources */ = {
			isa = PBXResourcesBuildPhase;
			buildActionMask = 2147483647;
			files = (
				AF04B4C02DA8976B00D41BFB /* CustomTableViewCell.xib in Resources */,
				AF04B4C12DA8976B00D41BFB /* Assets.xcassets in Resources */,
				AF04B4C32DA8976B00D41BFB /* LaunchScreen.storyboard in Resources */,
				AF04B4C42DA8976B00D41BFB /* Main.storyboard in Resources */,
			);
			runOnlyForDeploymentPostprocessing = 0;
		};
/* End PBXResourcesBuildPhase section */

/* Begin PBXSourcesBuildPhase section */
		AF52810D2DA863B2003423A3 /* Sources */ = {
			isa = PBXSourcesBuildPhase;
			buildActionMask = 2147483647;
			files = (
				AF04B4C52DA8976B00D41BFB /* AlertController.swift in Sources */,
				AF04B4C62DA8976B00D41BFB /* CustomTableViewCell.swift in Sources */,
				AF04B4C72DA8976B00D41BFB /* Profile.swift in Sources */,
				AF04B4C82DA8976B00D41BFB /* AppDelegate.swift in Sources */,
				AF04B4C92DA8976B00D41BFB /* SceneDelegate.swift in Sources */,
				AF04B4CA2DA8976B00D41BFB /* TabBarController.swift in Sources */,
				AF04B4CB2DA8976B00D41BFB /* Tela01VC.swift in Sources */,
				AF04B4CC2DA8976B00D41BFB /* Tela02VC.swift in Sources */,
				AF04B4CD2DA8976B00D41BFB /* Tela03VC.swift in Sources */,
				AF04B4CE2DA8976B00D41BFB /* ViewController.swift in Sources */,
			);
			runOnlyForDeploymentPostprocessing = 0;
		};
/* End PBXSourcesBuildPhase section */

/* Begin PBXVariantGroup section */
		AF04B4B62DA8976B00D41BFB /* LaunchScreen.storyboard */ = {
			isa = PBXVariantGroup;
			children = (
				AF04B4B52DA8976B00D41BFB /* Base */,
			);
			name = LaunchScreen.storyboard;
			sourceTree = "<group>";
		};
		AF04B4B82DA8976B00D41BFB /* Main.storyboard */ = {
			isa = PBXVariantGroup;
			children = (
				AF04B4B72DA8976B00D41BFB /* Base */,
			);
			name = Main.storyboard;
			sourceTree = "<group>";
		};
/* End PBXVariantGroup section */

/* Begin XCBuildConfiguration section */
		AF5281252DA863B3003423A3 /* Debug */ = {
			isa = XCBuildConfiguration;
			buildSettings = {
				ASSETCATALOG_COMPILER_APPICON_NAME = AppIcon;
				ASSETCATALOG_COMPILER_GLOBAL_ACCENT_COLOR_NAME = AccentColor;
				CODE_SIGN_STYLE = Automatic;
				CURRENT_PROJECT_VERSION = 1;
				DEVELOPMENT_TEAM = H3759FD2PB;
				GENERATE_INFOPLIST_FILE = YES;
				INFOPLIST_FILE = RegisterList/Info.plist;
				INFOPLIST_KEY_UIApplicationSupportsIndirectInputEvents = YES;
				INFOPLIST_KEY_UILaunchStoryboardName = LaunchScreen;
				INFOPLIST_KEY_UIMainStoryboardFile = Main;
				INFOPLIST_KEY_UISupportedInterfaceOrientations_iPad = "UIInterfaceOrientationPortrait UIInterfaceOrientationPortraitUpsideDown UIInterfaceOrientationLandscapeLeft UIInterfaceOrientationLandscapeRight";
				INFOPLIST_KEY_UISupportedInterfaceOrientations_iPhone = "UIInterfaceOrientationPortrait UIInterfaceOrientationLandscapeLeft UIInterfaceOrientationLandscapeRight";
				LD_RUNPATH_SEARCH_PATHS = (
					"$(inherited)",
					"@executable_path/Frameworks",
				);
				MARKETING_VERSION = 1.0;
				PRODUCT_BUNDLE_IDENTIFIER = com.rhainan.Study;
				PRODUCT_NAME = "$(TARGET_NAME)";
				SWIFT_EMIT_LOC_STRINGS = YES;
				SWIFT_VERSION = 5.0;
				TARGETED_DEVICE_FAMILY = "1,2";
			};
			name = Debug;
		};
		AF5281262DA863B3003423A3 /* Release */ = {
			isa = XCBuildConfiguration;
			buildSettings = {
				ASSETCATALOG_COMPILER_APPICON_NAME = AppIcon;
				ASSETCATALOG_COMPILER_GLOBAL_ACCENT_COLOR_NAME = AccentColor;
				CODE_SIGN_STYLE = Automatic;
				CURRENT_PROJECT_VERSION = 1;
				DEVELOPMENT_TEAM = H3759FD2PB;
				GENERATE_INFOPLIST_FILE = YES;
				INFOPLIST_FILE = RegisterList/Info.plist;
				INFOPLIST_KEY_UIApplicationSupportsIndirectInputEvents = YES;
				INFOPLIST_KEY_UILaunchStoryboardName = LaunchScreen;
				INFOPLIST_KEY_UIMainStoryboardFile = Main;
				INFOPLIST_KEY_UISupportedInterfaceOrientations_iPad = "UIInterfaceOrientationPortrait UIInterfaceOrientationPortraitUpsideDown UIInterfaceOrientationLandscapeLeft UIInterfaceOrientationLandscapeRight";
				INFOPLIST_KEY_UISupportedInterfaceOrientations_iPhone = "UIInterfaceOrientationPortrait UIInterfaceOrientationLandscapeLeft UIInterfaceOrientationLandscapeRight";
				LD_RUNPATH_SEARCH_PATHS = (
					"$(inherited)",
					"@executable_path/Frameworks",
				);
				MARKETING_VERSION = 1.0;
				PRODUCT_BUNDLE_IDENTIFIER = com.rhainan.Study;
				PRODUCT_NAME = "$(TARGET_NAME)";
				SWIFT_EMIT_LOC_STRINGS = YES;
				SWIFT_VERSION = 5.0;
				TARGETED_DEVICE_FAMILY = "1,2";
			};
			name = Release;
		};
		AF5281272DA863B3003423A3 /* Debug */ = {
			isa = XCBuildConfiguration;
			buildSettings = {
				ALWAYS_SEARCH_USER_PATHS = NO;
				ASSETCATALOG_COMPILER_GENERATE_SWIFT_ASSET_SYMBOL_EXTENSIONS = YES;
				CLANG_ANALYZER_NONNULL = YES;
				CLANG_ANALYZER_NUMBER_OBJECT_CONVERSION = YES_AGGRESSIVE;
				CLANG_CXX_LANGUAGE_STANDARD = "gnu++20";
				CLANG_ENABLE_MODULES = YES;
				CLANG_ENABLE_OBJC_ARC = YES;
				CLANG_ENABLE_OBJC_WEAK = YES;
				CLANG_WARN_BLOCK_CAPTURE_AUTORELEASING = YES;
				CLANG_WARN_BOOL_CONVERSION = YES;
				CLANG_WARN_COMMA = YES;
				CLANG_WARN_CONSTANT_CONVERSION = YES;
				CLANG_WARN_DEPRECATED_OBJC_IMPLEMENTATIONS = YES;
				CLANG_WARN_DIRECT_OBJC_ISA_USAGE = YES_ERROR;
				CLANG_WARN_DOCUMENTATION_COMMENTS = YES;
				CLANG_WARN_EMPTY_BODY = YES;
				CLANG_WARN_ENUM_CONVERSION = YES;
				CLANG_WARN_INFINITE_RECURSION = YES;
				CLANG_WARN_INT_CONVERSION = YES;
				CLANG_WARN_NON_LITERAL_NULL_CONVERSION = YES;
				CLANG_WARN_OBJC_IMPLICIT_RETAIN_SELF = YES;
				CLANG_WARN_OBJC_LITERAL_CONVERSION = YES;
				CLANG_WARN_OBJC_ROOT_CLASS = YES_ERROR;
				CLANG_WARN_QUOTED_INCLUDE_IN_FRAMEWORK_HEADER = YES;
				CLANG_WARN_RANGE_LOOP_ANALYSIS = YES;
				CLANG_WARN_STRICT_PROTOTYPES = YES;
				CLANG_WARN_SUSPICIOUS_MOVE = YES;
				CLANG_WARN_UNGUARDED_AVAILABILITY = YES_AGGRESSIVE;
				CLANG_WARN_UNREACHABLE_CODE = YES;
				CLANG_WARN__DUPLICATE_METHOD_MATCH = YES;
				COPY_PHASE_STRIP = NO;
				DEBUG_INFORMATION_FORMAT = dwarf;
				DEVELOPMENT_TEAM = H3759FD2PB;
				ENABLE_STRICT_OBJC_MSGSEND = YES;
				ENABLE_TESTABILITY = YES;
				ENABLE_USER_SCRIPT_SANDBOXING = YES;
				GCC_C_LANGUAGE_STANDARD = gnu17;
				GCC_DYNAMIC_NO_PIC = NO;
				GCC_NO_COMMON_BLOCKS = YES;
				GCC_OPTIMIZATION_LEVEL = 0;
				GCC_PREPROCESSOR_DEFINITIONS = (
					"DEBUG=1",
					"$(inherited)",
				);
				GCC_WARN_64_TO_32_BIT_CONVERSION = YES;
				GCC_WARN_ABOUT_RETURN_TYPE = YES_ERROR;
				GCC_WARN_UNDECLARED_SELECTOR = YES;
				GCC_WARN_UNINITIALIZED_AUTOS = YES_AGGRESSIVE;
				GCC_WARN_UNUSED_FUNCTION = YES;
				GCC_WARN_UNUSED_VARIABLE = YES;
				IPHONEOS_DEPLOYMENT_TARGET = 18.4;
				LOCALIZATION_PREFERS_STRING_CATALOGS = YES;
				MTL_ENABLE_DEBUG_INFO = INCLUDE_SOURCE;
				MTL_FAST_MATH = YES;
				ONLY_ACTIVE_ARCH = YES;
				SDKROOT = iphoneos;
				SWIFT_ACTIVE_COMPILATION_CONDITIONS = "DEBUG $(inherited)";
				SWIFT_OPTIMIZATION_LEVEL = "-Onone";
			};
			name = Debug;
		};
		AF5281282DA863B3003423A3 /* Release */ = {
			isa = XCBuildConfiguration;
			buildSettings = {
				ALWAYS_SEARCH_USER_PATHS = NO;
				ASSETCATALOG_COMPILER_GENERATE_SWIFT_ASSET_SYMBOL_EXTENSIONS = YES;
				CLANG_ANALYZER_NONNULL = YES;
				CLANG_ANALYZER_NUMBER_OBJECT_CONVERSION = YES_AGGRESSIVE;
				CLANG_CXX_LANGUAGE_STANDARD = "gnu++20";
				CLANG_ENABLE_MODULES = YES;
				CLANG_ENABLE_OBJC_ARC = YES;
				CLANG_ENABLE_OBJC_WEAK = YES;
				CLANG_WARN_BLOCK_CAPTURE_AUTORELEASING = YES;
				CLANG_WARN_BOOL_CONVERSION = YES;
				CLANG_WARN_COMMA = YES;
				CLANG_WARN_CONSTANT_CONVERSION = YES;
				CLANG_WARN_DEPRECATED_OBJC_IMPLEMENTATIONS = YES;
				CLANG_WARN_DIRECT_OBJC_ISA_USAGE = YES_ERROR;
				CLANG_WARN_DOCUMENTATION_COMMENTS = YES;
				CLANG_WARN_EMPTY_BODY = YES;
				CLANG_WARN_ENUM_CONVERSION = YES;
				CLANG_WARN_INFINITE_RECURSION = YES;
				CLANG_WARN_INT_CONVERSION = YES;
				CLANG_WARN_NON_LITERAL_NULL_CONVERSION = YES;
				CLANG_WARN_OBJC_IMPLICIT_RETAIN_SELF = YES;
				CLANG_WARN_OBJC_LITERAL_CONVERSION = YES;
				CLANG_WARN_OBJC_ROOT_CLASS = YES_ERROR;
				CLANG_WARN_QUOTED_INCLUDE_IN_FRAMEWORK_HEADER = YES;
				CLANG_WARN_RANGE_LOOP_ANALYSIS = YES;
				CLANG_WARN_STRICT_PROTOTYPES = YES;
				CLANG_WARN_SUSPICIOUS_MOVE = YES;
				CLANG_WARN_UNGUARDED_AVAILABILITY = YES_AGGRESSIVE;
				CLANG_WARN_UNREACHABLE_CODE = YES;
				CLANG_WARN__DUPLICATE_METHOD_MATCH = YES;
				COPY_PHASE_STRIP = NO;
				DEBUG_INFORMATION_FORMAT = "dwarf-with-dsym";
				DEVELOPMENT_TEAM = H3759FD2PB;
				ENABLE_NS_ASSERTIONS = NO;
				ENABLE_STRICT_OBJC_MSGSEND = YES;
				ENABLE_USER_SCRIPT_SANDBOXING = YES;
				GCC_C_LANGUAGE_STANDARD = gnu17;
				GCC_NO_COMMON_BLOCKS = YES;
				GCC_WARN_64_TO_32_BIT_CONVERSION = YES;
				GCC_WARN_ABOUT_RETURN_TYPE = YES_ERROR;
				GCC_WARN_UNDECLARED_SELECTOR = YES;
				GCC_WARN_UNINITIALIZED_AUTOS = YES_AGGRESSIVE;
				GCC_WARN_UNUSED_FUNCTION = YES;
				GCC_WARN_UNUSED_VARIABLE = YES;
				IPHONEOS_DEPLOYMENT_TARGET = 18.4;
				LOCALIZATION_PREFERS_STRING_CATALOGS = YES;
				MTL_ENABLE_DEBUG_INFO = NO;
				MTL_FAST_MATH = YES;
				SDKROOT = iphoneos;
				SWIFT_COMPILATION_MODE = wholemodule;
				VALIDATE_PRODUCT = YES;
			};
			name = Release;
		};
/* End XCBuildConfiguration section */

/* Begin XCConfigurationList section */
		AF52810C2DA863B2003423A3 /* Build configuration list for PBXProject "RegisterList" */ = {
			isa = XCConfigurationList;
			buildConfigurations = (
				AF5281272DA863B3003423A3 /* Debug */,
				AF5281282DA863B3003423A3 /* Release */,
			);
			defaultConfigurationIsVisible = 0;
			defaultConfigurationName = Release;
		};
		AF5281242DA863B3003423A3 /* Build configuration list for PBXNativeTarget "RegisterList" */ = {
			isa = XCConfigurationList;
			buildConfigurations = (
				AF5281252DA863B3003423A3 /* Debug */,
				AF5281262DA863B3003423A3 /* Release */,
			);
			defaultConfigurationIsVisible = 0;
			defaultConfigurationName = Release;
		};
/* End XCConfigurationList section */
	};
	rootObject = AF5281092DA863B2003423A3 /* Project object */;
}
